Microsoft Visual Studio Solution File, Format Version 12.00
# Visual Studio 2012
Project("{FAE04EC0-301F-11D3-BF4B-00C04F79EFBC}") = "Mu Alpha Theta Project", "Mu Alpha Theta Project.csproj", "{9AC15272-095C-4446-9FDC-90903EAC5B3F}"
EndProject
Global
	GlobalSection(SolutionConfigurationPlatforms) = preSolution
	Debug|Any CPU = Debug|Any CPU
	ExportDebug|Any CPU = ExportDebug|Any CPU
	ExportRelease|Any CPU = ExportRelease|Any CPU
	EndGlobalSection
	GlobalSection(ProjectConfigurationPlatforms) = postSolution
		{9AC15272-095C-4446-9FDC-90903EAC5B3F}.Debug|Any CPU.ActiveCfg = Debug|Any CPU
		{9AC15272-095C-4446-9FDC-90903EAC5B3F}.Debug|Any CPU.Build.0 = Debug|Any CPU
		{9AC15272-095C-4446-9FDC-90903EAC5B3F}.ExportDebug|Any CPU.ActiveCfg = ExportDebug|Any CPU
		{9AC15272-095C-4446-9FDC-90903EAC5B3F}.ExportDebug|Any CPU.Build.0 = ExportDebug|Any CPU
		{9AC15272-095C-4446-9FDC-90903EAC5B3F}.ExportRelease|Any CPU.ActiveCfg = ExportRelease|Any CPU
		{9AC15272-095C-4446-9FDC-90903EAC5B3F}.ExportRelease|Any CPU.Build.0 = ExportRelease|Any CPU
	EndGlobalSection
EndGlobal
